
Microsoft Visual Studio Solution File, Format Version 12.00
# Visual Studio Version 17
VisualStudioVersion = 17.6.33801.468
MinimumVisualStudioVersion = 10.0.40219.1
Project("{9A19103F-16F7-4668-BE54-9A1E7A4F7556}") = "FarmerMarketAPI.CheckoutSystem", "FarmerMarketAPI.CheckoutSystem\FarmerMarketAPI.CheckoutSystem.csproj", "{D88E8893-C88F-4B87-B80B-6E023C569B2A}"
EndProject
Project("{9A19103F-16F7-4668-BE54-9A1E7A4F7556}") = "FarmerMarketAPI.CheckoutSystem.Tests", "FarmerMarketAPI.CheckoutSystem.Tests\FarmerMarketAPI.CheckoutSystem.Tests.csproj", "{E8C57D36-F7DE-45DF-9FD8-6A5DCC19179F}"
EndProject
Project("{FAE04EC0-301F-11D3-BF4B-00C04F79EFBC}") = "FarmerMarketAPI.Data", "FarmerMarketAPI.Data\FarmerMarketAPI.Data.csproj", "{634A33A4-1F79-47EC-9844-29AF23309F1B}"
EndProject
Project("{9A19103F-16F7-4668-BE54-9A1E7A4F7556}") = "FarmerMarketAPI.DiscoutRuleEngine", "FarmerMarketAPI.DiscoutRuleEngine\FarmerMarketAPI.DiscoutRuleEngine.csproj", "{7A62F279-D25F-404E-9902-6FFE77D24739}"
EndProject
Project("{FAE04EC0-301F-11D3-BF4B-00C04F79EFBC}") = "FarmerMarketAPI.Common", "FarmerMarketAPI.Common\FarmerMarketAPI.Common.csproj", "{5F561BA1-CC26-4758-B121-9DF62B091D07}"
EndProject
Project("{9A19103F-16F7-4668-BE54-9A1E7A4F7556}") = "FarmerMarketAPI.Client", "FarmerMarketAPI.Client\FarmerMarketAPI.Client.csproj", "{12A93FEC-0E97-40BD-97A9-AF4852C881FC}"
EndProject
Global
	GlobalSection(SolutionConfigurationPlatforms) = preSolution
		Debug|Any CPU = Debug|Any CPU
		Release|Any CPU = Release|Any CPU
	EndGlobalSection
	GlobalSection(ProjectConfigurationPlatforms) = postSolution
		{D88E8893-C88F-4B87-B80B-6E023C569B2A}.Debug|Any CPU.ActiveCfg = Debug|Any CPU
		{D88E8893-C88F-4B87-B80B-6E023C569B2A}.Debug|Any CPU.Build.0 = Debug|Any CPU
		{D88E8893-C88F-4B87-B80B-6E023C569B2A}.Release|Any CPU.ActiveCfg = Release|Any CPU
		{D88E8893-C88F-4B87-B80B-6E023C569B2A}.Release|Any CPU.Build.0 = Release|Any CPU
		{E8C57D36-F7DE-45DF-9FD8-6A5DCC19179F}.Debug|Any CPU.ActiveCfg = Debug|Any CPU
		{E8C57D36-F7DE-45DF-9FD8-6A5DCC19179F}.Debug|Any CPU.Build.0 = Debug|Any CPU
		{E8C57D36-F7DE-45DF-9FD8-6A5DCC19179F}.Release|Any CPU.ActiveCfg = Release|Any CPU
		{E8C57D36-F7DE-45DF-9FD8-6A5DCC19179F}.Release|Any CPU.Build.0 = Release|Any CPU
		{634A33A4-1F79-47EC-9844-29AF23309F1B}.Debug|Any CPU.ActiveCfg = Debug|Any CPU
		{634A33A4-1F79-47EC-9844-29AF23309F1B}.Debug|Any CPU.Build.0 = Debug|Any CPU
		{634A33A4-1F79-47EC-9844-29AF23309F1B}.Release|Any CPU.ActiveCfg = Release|Any CPU
		{634A33A4-1F79-47EC-9844-29AF23309F1B}.Release|Any CPU.Build.0 = Release|Any CPU
		{7A62F279-D25F-404E-9902-6FFE77D24739}.Debug|Any CPU.ActiveCfg = Debug|Any CPU
		{7A62F279-D25F-404E-9902-6FFE77D24739}.Debug|Any CPU.Build.0 = Debug|Any CPU
		{7A62F279-D25F-404E-9902-6FFE77D24739}.Release|Any CPU.ActiveCfg = Release|Any CPU
		{7A62F279-D25F-404E-9902-6FFE77D24739}.Release|Any CPU.Build.0 = Release|Any CPU
		{5F561BA1-CC26-4758-B121-9DF62B091D07}.Debug|Any CPU.ActiveCfg = Debug|Any CPU
		{5F561BA1-CC26-4758-B121-9DF62B091D07}.Debug|Any CPU.Build.0 = Debug|Any CPU
		{5F561BA1-CC26-4758-B121-9DF62B091D07}.Release|Any CPU.ActiveCfg = Release|Any CPU
		{5F561BA1-CC26-4758-B121-9DF62B091D07}.Release|Any CPU.Build.0 = Release|Any CPU
		{12A93FEC-0E97-40BD-97A9-AF4852C881FC}.Debug|Any CPU.ActiveCfg = Debug|Any CPU
		{12A93FEC-0E97-40BD-97A9-AF4852C881FC}.Debug|Any CPU.Build.0 = Debug|Any CPU
		{12A93FEC-0E97-40BD-97A9-AF4852C881FC}.Release|Any CPU.ActiveCfg = Release|Any CPU
		{12A93FEC-0E97-40BD-97A9-AF4852C881FC}.Release|Any CPU.Build.0 = Release|Any CPU
	EndGlobalSection
	GlobalSection(SolutionProperties) = preSolution
		HideSolutionNode = FALSE
	EndGlobalSection
	GlobalSection(ExtensibilityGlobals) = postSolution
		SolutionGuid = {9BD56E10-1A17-42E2-9262-366A6AB1A6B3}
	EndGlobalSection
EndGlobal
